
Microsoft Visual Studio Solution File, Format Version 12.00
# Visual Studio Version 17
VisualStudioVersion = 17.10.34928.147
MinimumVisualStudioVersion = 10.0.40219.1
Project("{FAE04EC0-301F-11D3-BF4B-00C04F79EFBC}") = "GraphQL.Service", "GraphQL.Service\GraphQL.Service.csproj", "{0062B48F-E0DF-4988-A6CD-3CD3C0E0214E}"
EndProject
Global
	GlobalSection(SolutionConfigurationPlatforms) = preSolution
		Debug|Any CPU = Debug|Any CPU
		Release|Any CPU = Release|Any CPU
	EndGlobalSection
	GlobalSection(ProjectConfigurationPlatforms) = postSolution
		{0062B48F-E0DF-4988-A6CD-3CD3C0E0214E}.Debug|Any CPU.ActiveCfg = Debug|Any CPU
		{0062B48F-E0DF-4988-A6CD-3CD3C0E0214E}.Debug|Any CPU.Build.0 = Debug|Any CPU
		{0062B48F-E0DF-4988-A6CD-3CD3C0E0214E}.Release|Any CPU.ActiveCfg = Release|Any CPU
		{0062B48F-E0DF-4988-A6CD-3CD3C0E0214E}.Release|Any CPU.Build.0 = Release|Any CPU
	EndGlobalSection
	GlobalSection(SolutionProperties) = preSolution
		HideSolutionNode = FALSE
	EndGlobalSection
	GlobalSection(ExtensibilityGlobals) = postSolution
		SolutionGuid = {F5F8EA7D-4F6A-47DC-873D-FD16E9203B08}
	EndGlobalSection
EndGlobal
